
Microsoft Visual Studio Solution File, Format Version 12.00
# Visual Studio 15
VisualStudioVersion = 15.0.28010.2048
MinimumVisualStudioVersion = 10.0.40219.1
Project("{888888A0-9F3D-457C-B088-3A5042F75D52}") = "ReadJsonApi", "ReadJsonApi\ReadJsonApi.pyproj", "{B27612A5-90C2-4718-9839-89F9D07AB224}"
EndProject
Global
	GlobalSection(SolutionConfigurationPlatforms) = preSolution
		Debug|Any CPU = Debug|Any CPU
		Release|Any CPU = Release|Any CPU
	EndGlobalSection
	GlobalSection(ProjectConfigurationPlatforms) = postSolution
		{B27612A5-90C2-4718-9839-89F9D07AB224}.Debug|Any CPU.ActiveCfg = Debug|Any CPU
		{B27612A5-90C2-4718-9839-89F9D07AB224}.Release|Any CPU.ActiveCfg = Release|Any CPU
	EndGlobalSection
	GlobalSection(SolutionProperties) = preSolution
		HideSolutionNode = FALSE
	EndGlobalSection
	GlobalSection(ExtensibilityGlobals) = postSolution
		SolutionGuid = {16394367-16FC-4E20-A296-0AD55301C369}
	EndGlobalSection
EndGlobal
